
Microsoft Visual Studio Solution File, Format Version 12.00
# Visual Studio Version 17
VisualStudioVersion = 17.3.32811.315
MinimumVisualStudioVersion = 10.0.40219.1
Project("{2150E333-8FDC-42A3-9474-1A3956D46DE8}") = "Solution Items", "Solution Items", "{3DA99C4E-89E3-4049-9C22-0A7EC60D83D8}"
	ProjectSection(SolutionItems) = preProject
		Directory.Packages.props = Directory.Packages.props
	EndProjectSection
EndProject
Project("{2150E333-8FDC-42A3-9474-1A3956D46DE8}") = "src", "src", "{88343654-5825-4DE8-9023-06BE4140D048}"
EndProject
Project("{2150E333-8FDC-42A3-9474-1A3956D46DE8}") = "Shared", "Shared", "{27353B3A-A304-4EDB-912C-547BC58BA17A}"
EndProject
Project("{FAE04EC0-301F-11D3-BF4B-00C04F79EFBC}") = "ProjektXenon.Shared", "src\Shared\ProjektXenon.Shared\ProjektXenon.Shared.csproj", "{DA88A999-1722-46FB-BDC0-F5C363BAE060}"
EndProject
Project("{2150E333-8FDC-42A3-9474-1A3956D46DE8}") = "UI", "UI", "{275C7B58-7AF5-47FC-8E9D-FB689D5B14F8}"
EndProject
Project("{FAE04EC0-301F-11D3-BF4B-00C04F79EFBC}") = "ProjektXenon.Desktop.UI", "src\UI\ProjektXenon.Desktop.UI\ProjektXenon.Desktop.UI.csproj", "{E9449B0B-F77B-4493-86AB-C00AACFDC797}"
EndProject
Project("{2150E333-8FDC-42A3-9474-1A3956D46DE8}") = "Startup", "Startup", "{D103ABC3-CD71-4ECB-8F10-DD7A256362F9}"
EndProject
Project("{FAE04EC0-301F-11D3-BF4B-00C04F79EFBC}") = "ProjektXenon.Desktop.Startup", "src\Startup\ProjektXenon.Desktop.Startup\ProjektXenon.Desktop.Startup.csproj", "{5A5AEC93-DAB0-4AD1-8EBD-90905E4E3546}"
EndProject
Project("{FAE04EC0-301F-11D3-BF4B-00C04F79EFBC}") = "ProjektXenon.iOS.Startup", "src\Startup\ProjektXenon.iOS.Startup\ProjektXenon.iOS.Startup.csproj", "{60FA1BB2-9A0B-4CB0-825A-A65E59455FD6}"
EndProject
Project("{FAE04EC0-301F-11D3-BF4B-00C04F79EFBC}") = "ProjektXenon.Android.Startup", "src\Startup\ProjektXenon.Android.Startup\ProjektXenon.Android.Startup.csproj", "{AB5DBD31-C57D-48A2-9AA7-6740C048DE8E}"
EndProject
Global
	GlobalSection(SolutionConfigurationPlatforms) = preSolution
		Debug|Any CPU = Debug|Any CPU
		Release|Any CPU = Release|Any CPU
	EndGlobalSection
	GlobalSection(ProjectConfigurationPlatforms) = postSolution
		{DA88A999-1722-46FB-BDC0-F5C363BAE060}.Debug|Any CPU.ActiveCfg = Debug|Any CPU
		{DA88A999-1722-46FB-BDC0-F5C363BAE060}.Debug|Any CPU.Build.0 = Debug|Any CPU
		{DA88A999-1722-46FB-BDC0-F5C363BAE060}.Release|Any CPU.ActiveCfg = Release|Any CPU
		{DA88A999-1722-46FB-BDC0-F5C363BAE060}.Release|Any CPU.Build.0 = Release|Any CPU
		{E9449B0B-F77B-4493-86AB-C00AACFDC797}.Debug|Any CPU.ActiveCfg = Debug|Any CPU
		{E9449B0B-F77B-4493-86AB-C00AACFDC797}.Debug|Any CPU.Build.0 = Debug|Any CPU
		{E9449B0B-F77B-4493-86AB-C00AACFDC797}.Release|Any CPU.ActiveCfg = Release|Any CPU
		{E9449B0B-F77B-4493-86AB-C00AACFDC797}.Release|Any CPU.Build.0 = Release|Any CPU
		{5A5AEC93-DAB0-4AD1-8EBD-90905E4E3546}.Debug|Any CPU.ActiveCfg = Debug|Any CPU
		{5A5AEC93-DAB0-4AD1-8EBD-90905E4E3546}.Debug|Any CPU.Build.0 = Debug|Any CPU
		{5A5AEC93-DAB0-4AD1-8EBD-90905E4E3546}.Release|Any CPU.ActiveCfg = Release|Any CPU
		{5A5AEC93-DAB0-4AD1-8EBD-90905E4E3546}.Release|Any CPU.Build.0 = Release|Any CPU
		{60FA1BB2-9A0B-4CB0-825A-A65E59455FD6}.Debug|Any CPU.ActiveCfg = Debug|Any CPU
		{60FA1BB2-9A0B-4CB0-825A-A65E59455FD6}.Debug|Any CPU.Build.0 = Debug|Any CPU
		{60FA1BB2-9A0B-4CB0-825A-A65E59455FD6}.Release|Any CPU.ActiveCfg = Release|Any CPU
		{60FA1BB2-9A0B-4CB0-825A-A65E59455FD6}.Release|Any CPU.Build.0 = Release|Any CPU
		{AB5DBD31-C57D-48A2-9AA7-6740C048DE8E}.Debug|Any CPU.ActiveCfg = Debug|Any CPU
		{AB5DBD31-C57D-48A2-9AA7-6740C048DE8E}.Debug|Any CPU.Build.0 = Debug|Any CPU
		{AB5DBD31-C57D-48A2-9AA7-6740C048DE8E}.Release|Any CPU.ActiveCfg = Release|Any CPU
		{AB5DBD31-C57D-48A2-9AA7-6740C048DE8E}.Release|Any CPU.Build.0 = Release|Any CPU
	EndGlobalSection
	GlobalSection(SolutionProperties) = preSolution
		HideSolutionNode = FALSE
	EndGlobalSection
	GlobalSection(ExtensibilityGlobals) = postSolution
		SolutionGuid = {83CB65B8-011F-4ED7-BCD3-A6CFA935EF7E}
	EndGlobalSection
	GlobalSection(NestedProjects) = preSolution
		{27353B3A-A304-4EDB-912C-547BC58BA17A} = {88343654-5825-4DE8-9023-06BE4140D048}
		{DA88A999-1722-46FB-BDC0-F5C363BAE060} = {27353B3A-A304-4EDB-912C-547BC58BA17A}
		{275C7B58-7AF5-47FC-8E9D-FB689D5B14F8} = {88343654-5825-4DE8-9023-06BE4140D048}
		{E9449B0B-F77B-4493-86AB-C00AACFDC797} = {275C7B58-7AF5-47FC-8E9D-FB689D5B14F8}
		{D103ABC3-CD71-4ECB-8F10-DD7A256362F9} = {88343654-5825-4DE8-9023-06BE4140D048}
		{5A5AEC93-DAB0-4AD1-8EBD-90905E4E3546} = {D103ABC3-CD71-4ECB-8F10-DD7A256362F9}
		{60FA1BB2-9A0B-4CB0-825A-A65E59455FD6} = {D103ABC3-CD71-4ECB-8F10-DD7A256362F9}
		{AB5DBD31-C57D-48A2-9AA7-6740C048DE8E} = {D103ABC3-CD71-4ECB-8F10-DD7A256362F9}
	EndGlobalSection
EndGlobal
